
Microsoft Visual Studio Solution File, Format Version 11.00
# Visual Studio 2010
Project("{8BC9CEB8-8B4A-11D0-8D11-00A0C91BC942}") = "game", "game.vcxproj", "{CFD1A6E6-CDED-FC90-540F-F8731E793105}"
EndProject
Global
	GlobalSection(SolutionConfigurationPlatforms) = preSolution
		Debug Alpha|Win32 = Debug Alpha|Win32
		Debug|Win32 = Debug|Win32
		Release Alpha|Win32 = Release Alpha|Win32
		Release|Win32 = Release|Win32
	EndGlobalSection
	GlobalSection(ProjectConfigurationPlatforms) = postSolution
		{CFD1A6E6-CDED-FC90-540F-F8731E793105}.Debug Alpha|Win32.ActiveCfg = Debug Alpha|Win32
		{CFD1A6E6-CDED-FC90-540F-F8731E793105}.Debug Alpha|Win32.Build.0 = Debug Alpha|Win32
		{CFD1A6E6-CDED-FC90-540F-F8731E793105}.Debug|Win32.ActiveCfg = Debug|Win32
		{CFD1A6E6-CDED-FC90-540F-F8731E793105}.Debug|Win32.Build.0 = Debug|Win32
		{CFD1A6E6-CDED-FC90-540F-F8731E793105}.Release Alpha|Win32.ActiveCfg = Release Alpha|Win32
		{CFD1A6E6-CDED-FC90-540F-F8731E793105}.Release Alpha|Win32.Build.0 = Release Alpha|Win32
		{CFD1A6E6-CDED-FC90-540F-F8731E793105}.Release|Win32.ActiveCfg = Release|Win32
		{CFD1A6E6-CDED-FC90-540F-F8731E793105}.Release|Win32.Build.0 = Release|Win32
	EndGlobalSection
	GlobalSection(SolutionProperties) = preSolution
		HideSolutionNode = FALSE
	EndGlobalSection
EndGlobal
